
Microsoft Visual Studio Solution File, Format Version 12.00
# Visual Studio Version 16
VisualStudioVersion = 16.0.31515.178
MinimumVisualStudioVersion = 10.0.40219.1
Project("{FAE04EC0-301F-11D3-BF4B-00C04F79EFBC}") = "RazorPagesMovie28", "RazorPagesMovie28\RazorPagesMovie28.csproj", "{249D13BB-E12D-456F-B013-34FFE97C9723}"
EndProject
Global
	GlobalSection(SolutionConfigurationPlatforms) = preSolution
		Debug|Any CPU = Debug|Any CPU
		Release|Any CPU = Release|Any CPU
	EndGlobalSection
	GlobalSection(ProjectConfigurationPlatforms) = postSolution
		{249D13BB-E12D-456F-B013-34FFE97C9723}.Debug|Any CPU.ActiveCfg = Debug|Any CPU
		{249D13BB-E12D-456F-B013-34FFE97C9723}.Debug|Any CPU.Build.0 = Debug|Any CPU
		{249D13BB-E12D-456F-B013-34FFE97C9723}.Release|Any CPU.ActiveCfg = Release|Any CPU
		{249D13BB-E12D-456F-B013-34FFE97C9723}.Release|Any CPU.Build.0 = Release|Any CPU
	EndGlobalSection
	GlobalSection(SolutionProperties) = preSolution
		HideSolutionNode = FALSE
	EndGlobalSection
	GlobalSection(ExtensibilityGlobals) = postSolution
		SolutionGuid = {D9FBF699-C941-4C03-BC75-3BAC19755F5E}
	EndGlobalSection
EndGlobal
